{
  "name": "didcomm-phase0-spike",
  "version": "0.0.0",
  "lockfileVersion": 3,
  "requires": true,
  "packages": {
    "": {
      "name": "didcomm-phase0-spike",
      "version": "0.0.0",
      "dependencies": {
        "didcomm-node": "^0.4.1"
      }
    },
    "node_modules/didcomm-node": {
      "version": "0.4.1",
      "resolved": "https://registry.npmjs.org/didcomm-node/-/didcomm-node-0.4.1.tgz",
      "integrity": "sha512-5vR2T6AyFhw20LI3Hu7Xps1nYimpooEIbefweIAsZ964p8sSnWW07qulvnRwd1fMihtUaAK+DlwGkR4jZIf6Mg==",
      "license": "Apache-2.0"
    }
  }
}
